{
  "name": "activies",
  "version": "1.0.0",
  "lockfileVersion": 1,
  "requires": true,
  "dependencies": {
    "ejs": {
      "version": "2.7.4",
      "resolved": "https://registry.npmjs.org/ejs/-/ejs-2.7.4.tgz",
      "integrity": "sha512-7vmuyh5+kuUyJKePhQfRQBhXV5Ce+RnaeeQArKu1EAMpL3WbgMt5WG6uQZpEVvYSSsxMXRKOewtDk9RaTKXRlA=="
    },
    "ejs-electron": {
      "version": "2.0.3",
      "resolved": "https://registry.npmjs.org/ejs-electron/-/ejs-electron-2.0.3.tgz",
      "integrity": "sha512-KkXCAh5QW2FZQ/Buj0dDmwaKyZU3KiCJ+4Jf85oZDEiLO+vTevOYYH5Efvg5JPV4GbQkmarJlW+ezk0+nVx0Ug==",
      "requires": {
        "ejs": "^2.6.1",
        "mime": "^2.3.1"
      }
    },
    "jquery": {
      "version": "3.5.1",
      "resolved": "https://registry.npmjs.org/jquery/-/jquery-3.5.1.tgz",
      "integrity": "sha512-XwIBPqcMn57FxfT+Go5pzySnm4KWkT1Tv7gjrpT1srtf8Weynl6R273VJ5GjkRb51IzMp5nbaPjJXMWeju2MKg=="
    },
    "mime": {
      "version": "2.4.6",
      "resolved": "https://registry.npmjs.org/mime/-/mime-2.4.6.tgz",
      "integrity": "sha512-RZKhC3EmpBchfTGBVb8fb+RL2cWyw/32lshnsETttkBAyAUXSGHxbEJWWRXc751DrIxG1q04b8QwMbAwkRPpUA=="
    }
  }
}
